
Microsoft Visual Studio Solution File, Format Version 12.00
# Visual Studio Version 16
VisualStudioVersion = 16.0.31205.134
MinimumVisualStudioVersion = 10.0.40219.1
Project("{9A19103F-16F7-4668-BE54-9A1E7A4F7556}") = "InventorySystem", "InventorySystem\InventorySystem.csproj", "{DEF39B0A-8F2A-47EB-B7B6-BDA66A6206A1}"
EndProject
Project("{9A19103F-16F7-4668-BE54-9A1E7A4F7556}") = "InventorySystemDataAccess", "InventorySystemDataAccess\InventorySystemDataAccess.csproj", "{F6426D98-108E-47F9-91FB-499CABB0A0CA}"
EndProject
Project("{FAE04EC0-301F-11D3-BF4B-00C04F79EFBC}") = "InventroySystemBusinessLogic", "InventroySystemBusinessLogic\InventroySystemBusinessLogic.csproj", "{D644528E-DC1B-40B6-A295-A8CA6F706715}"
EndProject
Global
	GlobalSection(SolutionConfigurationPlatforms) = preSolution
		Debug|Any CPU = Debug|Any CPU
		Release|Any CPU = Release|Any CPU
	EndGlobalSection
	GlobalSection(ProjectConfigurationPlatforms) = postSolution
		{DEF39B0A-8F2A-47EB-B7B6-BDA66A6206A1}.Debug|Any CPU.ActiveCfg = Debug|Any CPU
		{DEF39B0A-8F2A-47EB-B7B6-BDA66A6206A1}.Debug|Any CPU.Build.0 = Debug|Any CPU
		{DEF39B0A-8F2A-47EB-B7B6-BDA66A6206A1}.Release|Any CPU.ActiveCfg = Release|Any CPU
		{DEF39B0A-8F2A-47EB-B7B6-BDA66A6206A1}.Release|Any CPU.Build.0 = Release|Any CPU
		{F6426D98-108E-47F9-91FB-499CABB0A0CA}.Debug|Any CPU.ActiveCfg = Debug|Any CPU
		{F6426D98-108E-47F9-91FB-499CABB0A0CA}.Debug|Any CPU.Build.0 = Debug|Any CPU
		{F6426D98-108E-47F9-91FB-499CABB0A0CA}.Release|Any CPU.ActiveCfg = Release|Any CPU
		{F6426D98-108E-47F9-91FB-499CABB0A0CA}.Release|Any CPU.Build.0 = Release|Any CPU
		{D644528E-DC1B-40B6-A295-A8CA6F706715}.Debug|Any CPU.ActiveCfg = Debug|Any CPU
		{D644528E-DC1B-40B6-A295-A8CA6F706715}.Debug|Any CPU.Build.0 = Debug|Any CPU
		{D644528E-DC1B-40B6-A295-A8CA6F706715}.Release|Any CPU.ActiveCfg = Release|Any CPU
		{D644528E-DC1B-40B6-A295-A8CA6F706715}.Release|Any CPU.Build.0 = Release|Any CPU
	EndGlobalSection
	GlobalSection(SolutionProperties) = preSolution
		HideSolutionNode = FALSE
	EndGlobalSection
	GlobalSection(ExtensibilityGlobals) = postSolution
		SolutionGuid = {A8362B02-FC16-4BBC-B86C-15F66F486E52}
	EndGlobalSection
EndGlobal
